// !$*UTF8*$!
{
	archiveVersion = 1;
	classes = {
	};
	objectVersion = 77;
	objects = {

/* Begin PBXBuildFile section */
		025BBD0F2DCA87D20047372A /* RealityKitContent in Frameworks */ = {isa = PBXBuildFile; productRef = 025BBD0E2DCA87D20047372A /* RealityKitContent */; };
		025BBD5C2DCA886C0047372A /* SwiftCSV in Frameworks */ = {isa = PBXBuildFile; productRef = 025BBD5B2DCA886C0047372A /* SwiftCSV */; };
/* End PBXBuildFile section */

/* Begin PBXContainerItemProxy section */
		025BBD222DCA87D40047372A /* PBXContainerItemProxy */ = {
			isa = PBXContainerItemProxy;
			containerPortal = 025BBD012DCA87D20047372A /* Project object */;
			proxyType = 1;
			remoteGlobalIDString = 025BBD082DCA87D20047372A;
			remoteInfo = EnergyAtlas;
		};
/* End PBXContainerItemProxy section */

/* Begin PBXFileReference section */
		025BBD092DCA87D20047372A /* EnergyAtlas.app */ = {isa = PBXFileReference; explicitFileType = wrapper.application; includeInIndex = 0; path = EnergyAtlas.app; sourceTree = BUILT_PRODUCTS_DIR; };
		025BBD0D2DCA87D20047372A /* RealityKitContent */ = {isa = PBXFileReference; lastKnownFileType = wrapper; path = RealityKitContent; sourceTree = "<group>"; };
		025BBD212DCA87D40047372A /* EnergyAtlasTests.xctest */ = {isa = PBXFileReference; explicitFileType = wrapper.cfbundle; includeInIndex = 0; path = EnergyAtlasTests.xctest; sourceTree = BUILT_PRODUCTS_DIR; };
/* End PBXFileReference section */

/* Begin PBXFileSystemSynchronizedBuildFileExceptionSet section */
		025BBD272DCA87D40047372A /* Exceptions for "EnergyAtlas" folder in "EnergyAtlas" target */ = {
			isa = PBXFileSystemSynchronizedBuildFileExceptionSet;
			membershipExceptions = (
				Info.plist,
			);
			target = 025BBD082DCA87D20047372A /* EnergyAtlas */;
		};
/* End PBXFileSystemSynchronizedBuildFileExceptionSet section */

/* Begin PBXFileSystemSynchronizedRootGroup section */
		025BBD0B2DCA87D20047372A /* EnergyAtlas */ = {
			isa = PBXFileSystemSynchronizedRootGroup;
			exceptions = (
				025BBD272DCA87D40047372A /* Exceptions for "EnergyAtlas" folder in "EnergyAtlas" target */,
			);
			path = EnergyAtlas;
			sourceTree = "<group>";
		};
		025BBD242DCA87D40047372A /* EnergyAtlasTests */ = {
			isa = PBXFileSystemSynchronizedRootGroup;
			path = EnergyAtlasTests;
			sourceTree = "<group>";
		};
/* End PBXFileSystemSynchronizedRootGroup section */

/* Begin PBXFrameworksBuildPhase section */
		025BBD062DCA87D20047372A /* Frameworks */ = {
			isa = PBXFrameworksBuildPhase;
			buildActionMask = 2147483647;
			files = (
				025BBD0F2DCA87D20047372A /* RealityKitContent in Frameworks */,
				025BBD5C2DCA886C0047372A /* SwiftCSV in Frameworks */,
			);
			runOnlyForDeploymentPostprocessing = 0;
		};
		025BBD1E2DCA87D40047372A /* Frameworks */ = {
			isa = PBXFrameworksBuildPhase;
			buildActionMask = 2147483647;
			files = (
			);
			runOnlyForDeploymentPostprocessing = 0;
		};
/* End PBXFrameworksBuildPhase section */

/* Begin PBXGroup section */
		025BBD002DCA87D20047372A = {
			isa = PBXGroup;
			children = (
				025BBD0B2DCA87D20047372A /* EnergyAtlas */,
				025BBD0C2DCA87D20047372A /* Packages */,
				025BBD242DCA87D40047372A /* EnergyAtlasTests */,
				025BBD0A2DCA87D20047372A /* Products */,
			);
			sourceTree = "<group>";
		};
		025BBD0A2DCA87D20047372A /* Products */ = {
			isa = PBXGroup;
			children = (
				025BBD092DCA87D20047372A /* EnergyAtlas.app */,
				025BBD212DCA87D40047372A /* EnergyAtlasTests.xctest */,
			);
			name = Products;
			sourceTree = "<group>";
		};
		025BBD0C2DCA87D20047372A /* Packages */ = {
			isa = PBXGroup;
			children = (
				025BBD0D2DCA87D20047372A /* RealityKitContent */,
			);
			path = Packages;
			sourceTree = "<group>";
		};
/* End PBXGroup section */

/* Begin PBXNativeTarget section */
		025BBD082DCA87D20047372A /* EnergyAtlas */ = {
			isa = PBXNativeTarget;
			buildConfigurationList = 025BBD282DCA87D40047372A /* Build configuration list for PBXNativeTarget "EnergyAtlas" */;
			buildPhases = (
				025BBD052DCA87D20047372A /* Sources */,
				025BBD062DCA87D20047372A /* Frameworks */,
				025BBD072DCA87D20047372A /* Resources */,
			);
			buildRules = (
			);
			dependencies = (
			);
			fileSystemSynchronizedGroups = (
				025BBD0B2DCA87D20047372A /* EnergyAtlas */,
			);
			name = EnergyAtlas;
			packageProductDependencies = (
				025BBD0E2DCA87D20047372A /* RealityKitContent */,
				025BBD5B2DCA886C0047372A /* SwiftCSV */,
			);
			productName = EnergyAtlas;
			productReference = 025BBD092DCA87D20047372A /* EnergyAtlas.app */;
			productType = "com.apple.product-type.application";
		};
		025BBD202DCA87D40047372A /* EnergyAtlasTests */ = {
			isa = PBXNativeTarget;
			buildConfigurationList = 025BBD2D2DCA87D40047372A /* Build configuration list for PBXNativeTarget "EnergyAtlasTests" */;
			buildPhases = (
				025BBD1D2DCA87D40047372A /* Sources */,
				025BBD1E2DCA87D40047372A /* Frameworks */,
				025BBD1F2DCA87D40047372A /* Resources */,
			);
			buildRules = (
			);
			dependencies = (
				025BBD232DCA87D40047372A /* PBXTargetDependency */,
			);
			fileSystemSynchronizedGroups = (
				025BBD242DCA87D40047372A /* EnergyAtlasTests */,
			);
			name = EnergyAtlasTests;
			packageProductDependencies = (
			);
			productName = EnergyAtlasTests;
			productReference = 025BBD212DCA87D40047372A /* EnergyAtlasTests.xctest */;
			productType = "com.apple.product-type.bundle.unit-test";
		};
/* End PBXNativeTarget section */

/* Begin PBXProject section */
		025BBD012DCA87D20047372A /* Project object */ = {
			isa = PBXProject;
			attributes = {
				BuildIndependentTargetsInParallel = 1;
				LastSwiftUpdateCheck = 1630;
				LastUpgradeCheck = 1630;
				TargetAttributes = {
					025BBD082DCA87D20047372A = {
						CreatedOnToolsVersion = 16.3;
					};
					025BBD202DCA87D40047372A = {
						CreatedOnToolsVersion = 16.3;
						TestTargetID = 025BBD082DCA87D20047372A;
					};
				};
			};
			buildConfigurationList = 025BBD042DCA87D20047372A /* Build configuration list for PBXProject "EnergyAtlas" */;
			developmentRegion = en;
			hasScannedForEncodings = 0;
			knownRegions = (
				en,
				Base,
			);
			mainGroup = 025BBD002DCA87D20047372A;
			minimizedProjectReferenceProxies = 1;
			packageReferences = (
				025BBD5A2DCA886C0047372A /* XCRemoteSwiftPackageReference "SwiftCSV" */,
			);
			preferredProjectObjectVersion = 77;
			productRefGroup = 025BBD0A2DCA87D20047372A /* Products */;
			projectDirPath = "";
			projectRoot = "";
			targets = (
				025BBD082DCA87D20047372A /* EnergyAtlas */,
				025BBD202DCA87D40047372A /* EnergyAtlasTests */,
			);
		};
/* End PBXProject section */

/* Begin PBXResourcesBuildPhase section */
		025BBD072DCA87D20047372A /* Resources */ = {
			isa = PBXResourcesBuildPhase;
			buildActionMask = 2147483647;
			files = (
			);
			runOnlyForDeploymentPostprocessing = 0;
		};
		025BBD1F2DCA87D40047372A /* Resources */ = {
			isa = PBXResourcesBuildPhase;
			buildActionMask = 2147483647;
			files = (
			);
			runOnlyForDeploymentPostprocessing = 0;
		};
/* End PBXResourcesBuildPhase section */

/* Begin PBXSourcesBuildPhase section */
		025BBD052DCA87D20047372A /* Sources */ = {
			isa = PBXSourcesBuildPhase;
			buildActionMask = 2147483647;
			files = (
			);
			runOnlyForDeploymentPostprocessing = 0;
		};
		025BBD1D2DCA87D40047372A /* Sources */ = {
			isa = PBXSourcesBuildPhase;
			buildActionMask = 2147483647;
			files = (
			);
			runOnlyForDeploymentPostprocessing = 0;
		};
/* End PBXSourcesBuildPhase section */

/* Begin PBXTargetDependency section */
		025BBD232DCA87D40047372A /* PBXTargetDependency */ = {
			isa = PBXTargetDependency;
			target = 025BBD082DCA87D20047372A /* EnergyAtlas */;
			targetProxy = 025BBD222DCA87D40047372A /* PBXContainerItemProxy */;
		};
/* End PBXTargetDependency section */

/* Begin XCBuildConfiguration section */
		025BBD292DCA87D40047372A /* Debug */ = {
			isa = XCBuildConfiguration;
			buildSettings = {
				ASSETCATALOG_COMPILER_APPICON_NAME = AppIcon;
				ASSETCATALOG_COMPILER_GLOBAL_ACCENT_COLOR_NAME = AccentColor;
				CODE_SIGN_STYLE = Automatic;
				CURRENT_PROJECT_VERSION = 1;
				DEVELOPMENT_TEAM = QJJM36L883;
				ENABLE_PREVIEWS = YES;
				GENERATE_INFOPLIST_FILE = YES;
				INFOPLIST_FILE = "$(TARGET_NAME)/Info.plist";
				LD_RUNPATH_SEARCH_PATHS = (
					"$(inherited)",
					"@executable_path/Frameworks",
				);
				MARKETING_VERSION = 1.0;
				PRODUCT_BUNDLE_IDENTIFIER = com.skyporch.EnergyAtlas;
				PRODUCT_NAME = "$(TARGET_NAME)";
				SUPPORTED_PLATFORMS = "xros xrsimulator";
				SWIFT_EMIT_LOC_STRINGS = YES;
				SWIFT_VERSION = 5.0;
				TARGETED_DEVICE_FAMILY = 7;
				XROS_DEPLOYMENT_TARGET = 26.0;
			};
			name = Debug;
		};
		025BBD2A2DCA87D40047372A /* Release */ = {
			isa = XCBuildConfiguration;
			buildSettings = {
				ASSETCATALOG_COMPILER_APPICON_NAME = AppIcon;
				ASSETCATALOG_COMPILER_GLOBAL_ACCENT_COLOR_NAME = AccentColor;
				CODE_SIGN_STYLE = Automatic;
				CURRENT_PROJECT_VERSION = 1;
				DEVELOPMENT_TEAM = QJJM36L883;
				ENABLE_PREVIEWS = YES;
				GENERATE_INFOPLIST_FILE = YES;
				INFOPLIST_FILE = "$(TARGET_NAME)/Info.plist";
				LD_RUNPATH_SEARCH_PATHS = (
					"$(inherited)",
					"@executable_path/Frameworks",
				);
				MARKETING_VERSION = 1.0;
				PRODUCT_BUNDLE_IDENTIFIER = com.skyporch.EnergyAtlas;
				PRODUCT_NAME = "$(TARGET_NAME)";
				SUPPORTED_PLATFORMS = "xros xrsimulator";
				SWIFT_EMIT_LOC_STRINGS = YES;
				SWIFT_VERSION = 5.0;
				TARGETED_DEVICE_FAMILY = 7;
				XROS_DEPLOYMENT_TARGET = 26.0;
			};
			name = Release;
		};
		025BBD2B2DCA87D40047372A /* Debug */ = {
			isa = XCBuildConfiguration;
			buildSettings = {
				ALWAYS_SEARCH_USER_PATHS = NO;
				ASSETCATALOG_COMPILER_GENERATE_SWIFT_ASSET_SYMBOL_EXTENSIONS = YES;
				CLANG_ANALYZER_NONNULL = YES;
				CLANG_ANALYZER_NUMBER_OBJECT_CONVERSION = YES_AGGRESSIVE;
				CLANG_CXX_LANGUAGE_STANDARD = "gnu++20";
				CLANG_ENABLE_MODULES = YES;
				CLANG_ENABLE_OBJC_ARC = YES;
				CLANG_ENABLE_OBJC_WEAK = YES;
				CLANG_WARN_BLOCK_CAPTURE_AUTORELEASING = YES;
				CLANG_WARN_BOOL_CONVERSION = YES;
				CLANG_WARN_COMMA = YES;
				CLANG_WARN_CONSTANT_CONVERSION = YES;
				CLANG_WARN_DEPRECATED_OBJC_IMPLEMENTATIONS = YES;
				CLANG_WARN_DIRECT_OBJC_ISA_USAGE = YES_ERROR;
				CLANG_WARN_DOCUMENTATION_COMMENTS = YES;
				CLANG_WARN_EMPTY_BODY = YES;
				CLANG_WARN_ENUM_CONVERSION = YES;
				CLANG_WARN_INFINITE_RECURSION = YES;
				CLANG_WARN_INT_CONVERSION = YES;
				CLANG_WARN_NON_LITERAL_NULL_CONVERSION = YES;
				CLANG_WARN_OBJC_IMPLICIT_RETAIN_SELF = YES;
				CLANG_WARN_OBJC_LITERAL_CONVERSION = YES;
				CLANG_WARN_OBJC_ROOT_CLASS = YES_ERROR;
				CLANG_WARN_QUOTED_INCLUDE_IN_FRAMEWORK_HEADER = YES;
				CLANG_WARN_RANGE_LOOP_ANALYSIS = YES;
				CLANG_WARN_STRICT_PROTOTYPES = YES;
				CLANG_WARN_SUSPICIOUS_MOVE = YES;
				CLANG_WARN_UNGUARDED_AVAILABILITY = YES_AGGRESSIVE;
				CLANG_WARN_UNREACHABLE_CODE = YES;
				CLANG_WARN__DUPLICATE_METHOD_MATCH = YES;
				COPY_PHASE_STRIP = NO;
				DEBUG_INFORMATION_FORMAT = dwarf;
				ENABLE_STRICT_OBJC_MSGSEND = YES;
				ENABLE_TESTABILITY = YES;
				ENABLE_USER_SCRIPT_SANDBOXING = YES;
				GCC_C_LANGUAGE_STANDARD = gnu17;
				GCC_DYNAMIC_NO_PIC = NO;
				GCC_NO_COMMON_BLOCKS = YES;
				GCC_OPTIMIZATION_LEVEL = 0;
				GCC_PREPROCESSOR_DEFINITIONS = (
					"DEBUG=1",
					"$(inherited)",
				);
				GCC_WARN_64_TO_32_BIT_CONVERSION = YES;
				GCC_WARN_ABOUT_RETURN_TYPE = YES_ERROR;
				GCC_WARN_UNDECLARED_SELECTOR = YES;
				GCC_WARN_UNINITIALIZED_AUTOS = YES_AGGRESSIVE;
				GCC_WARN_UNUSED_FUNCTION = YES;
				GCC_WARN_UNUSED_VARIABLE = YES;
				LOCALIZATION_PREFERS_STRING_CATALOGS = YES;
				MTL_ENABLE_DEBUG_INFO = INCLUDE_SOURCE;
				MTL_FAST_MATH = YES;
				ONLY_ACTIVE_ARCH = YES;
				SDKROOT = xros;
				SWIFT_ACTIVE_COMPILATION_CONDITIONS = "DEBUG $(inherited)";
				SWIFT_OPTIMIZATION_LEVEL = "-Onone";
				SWIFT_VERSION = 6.0;
				XROS_DEPLOYMENT_TARGET = 26.0;
			};
			name = Debug;
		};
		025BBD2C2DCA87D40047372A /* Release */ = {
			isa = XCBuildConfiguration;
			buildSettings = {
				ALWAYS_SEARCH_USER_PATHS = NO;
				ASSETCATALOG_COMPILER_GENERATE_SWIFT_ASSET_SYMBOL_EXTENSIONS = YES;
				CLANG_ANALYZER_NONNULL = YES;
				CLANG_ANALYZER_NUMBER_OBJECT_CONVERSION = YES_AGGRESSIVE;
				CLANG_CXX_LANGUAGE_STANDARD = "gnu++20";
				CLANG_ENABLE_MODULES = YES;
				CLANG_ENABLE_OBJC_ARC = YES;
				CLANG_ENABLE_OBJC_WEAK = YES;
				CLANG_WARN_BLOCK_CAPTURE_AUTORELEASING = YES;
				CLANG_WARN_BOOL_CONVERSION = YES;
				CLANG_WARN_COMMA = YES;
				CLANG_WARN_CONSTANT_CONVERSION = YES;
				CLANG_WARN_DEPRECATED_OBJC_IMPLEMENTATIONS = YES;
				CLANG_WARN_DIRECT_OBJC_ISA_USAGE = YES_ERROR;
				CLANG_WARN_DOCUMENTATION_COMMENTS = YES;
				CLANG_WARN_EMPTY_BODY = YES;
				CLANG_WARN_ENUM_CONVERSION = YES;
				CLANG_WARN_INFINITE_RECURSION = YES;
				CLANG_WARN_INT_CONVERSION = YES;
				CLANG_WARN_NON_LITERAL_NULL_CONVERSION = YES;
				CLANG_WARN_OBJC_IMPLICIT_RETAIN_SELF = YES;
				CLANG_WARN_OBJC_LITERAL_CONVERSION = YES;
				CLANG_WARN_OBJC_ROOT_CLASS = YES_ERROR;
				CLANG_WARN_QUOTED_INCLUDE_IN_FRAMEWORK_HEADER = YES;
				CLANG_WARN_RANGE_LOOP_ANALYSIS = YES;
				CLANG_WARN_STRICT_PROTOTYPES = YES;
				CLANG_WARN_SUSPICIOUS_MOVE = YES;
				CLANG_WARN_UNGUARDED_AVAILABILITY = YES_AGGRESSIVE;
				CLANG_WARN_UNREACHABLE_CODE = YES;
				CLANG_WARN__DUPLICATE_METHOD_MATCH = YES;
				COPY_PHASE_STRIP = NO;
				DEBUG_INFORMATION_FORMAT = "dwarf-with-dsym";
				ENABLE_NS_ASSERTIONS = NO;
				ENABLE_STRICT_OBJC_MSGSEND = YES;
				ENABLE_USER_SCRIPT_SANDBOXING = YES;
				GCC_C_LANGUAGE_STANDARD = gnu17;
				GCC_NO_COMMON_BLOCKS = YES;
				GCC_WARN_64_TO_32_BIT_CONVERSION = YES;
				GCC_WARN_ABOUT_RETURN_TYPE = YES_ERROR;
				GCC_WARN_UNDECLARED_SELECTOR = YES;
				GCC_WARN_UNINITIALIZED_AUTOS = YES_AGGRESSIVE;
				GCC_WARN_UNUSED_FUNCTION = YES;
				GCC_WARN_UNUSED_VARIABLE = YES;
				LOCALIZATION_PREFERS_STRING_CATALOGS = YES;
				MTL_ENABLE_DEBUG_INFO = NO;
				MTL_FAST_MATH = YES;
				SDKROOT = xros;
				SWIFT_COMPILATION_MODE = wholemodule;
				SWIFT_VERSION = 6.0;
				VALIDATE_PRODUCT = YES;
				XROS_DEPLOYMENT_TARGET = 26.0;
			};
			name = Release;
		};
		025BBD2E2DCA87D40047372A /* Debug */ = {
			isa = XCBuildConfiguration;
			buildSettings = {
				BUNDLE_LOADER = "$(TEST_HOST)";
				CODE_SIGN_STYLE = Automatic;
				CURRENT_PROJECT_VERSION = 1;
				GENERATE_INFOPLIST_FILE = YES;
				MARKETING_VERSION = 1.0;
				PRODUCT_BUNDLE_IDENTIFIER = com.skyporch.EnergyAtlasTests;
				PRODUCT_NAME = "$(TARGET_NAME)";
				SUPPORTED_PLATFORMS = "xros xrsimulator";
				SWIFT_EMIT_LOC_STRINGS = NO;
				SWIFT_VERSION = 5.0;
				TARGETED_DEVICE_FAMILY = 7;
				TEST_HOST = "$(BUILT_PRODUCTS_DIR)/EnergyAtlas.app/$(BUNDLE_EXECUTABLE_FOLDER_PATH)/EnergyAtlas";
				XROS_DEPLOYMENT_TARGET = 2.4;
			};
			name = Debug;
		};
		025BBD2F2DCA87D40047372A /* Release */ = {
			isa = XCBuildConfiguration;
			buildSettings = {
				BUNDLE_LOADER = "$(TEST_HOST)";
				CODE_SIGN_STYLE = Automatic;
				CURRENT_PROJECT_VERSION = 1;
				GENERATE_INFOPLIST_FILE = YES;
				MARKETING_VERSION = 1.0;
				PRODUCT_BUNDLE_IDENTIFIER = com.skyporch.EnergyAtlasTests;
				PRODUCT_NAME = "$(TARGET_NAME)";
				SUPPORTED_PLATFORMS = "xros xrsimulator";
				SWIFT_EMIT_LOC_STRINGS = NO;
				SWIFT_VERSION = 5.0;
				TARGETED_DEVICE_FAMILY = 7;
				TEST_HOST = "$(BUILT_PRODUCTS_DIR)/EnergyAtlas.app/$(BUNDLE_EXECUTABLE_FOLDER_PATH)/EnergyAtlas";
				XROS_DEPLOYMENT_TARGET = 2.4;
			};
			name = Release;
		};
/* End XCBuildConfiguration section */

/* Begin XCConfigurationList section */
		025BBD042DCA87D20047372A /* Build configuration list for PBXProject "EnergyAtlas" */ = {
			isa = XCConfigurationList;
			buildConfigurations = (
				025BBD2B2DCA87D40047372A /* Debug */,
				025BBD2C2DCA87D40047372A /* Release */,
			);
			defaultConfigurationIsVisible = 0;
			defaultConfigurationName = Release;
		};
		025BBD282DCA87D40047372A /* Build configuration list for PBXNativeTarget "EnergyAtlas" */ = {
			isa = XCConfigurationList;
			buildConfigurations = (
				025BBD292DCA87D40047372A /* Debug */,
				025BBD2A2DCA87D40047372A /* Release */,
			);
			defaultConfigurationIsVisible = 0;
			defaultConfigurationName = Release;
		};
		025BBD2D2DCA87D40047372A /* Build configuration list for PBXNativeTarget "EnergyAtlasTests" */ = {
			isa = XCConfigurationList;
			buildConfigurations = (
				025BBD2E2DCA87D40047372A /* Debug */,
				025BBD2F2DCA87D40047372A /* Release */,
			);
			defaultConfigurationIsVisible = 0;
			defaultConfigurationName = Release;
		};
/* End XCConfigurationList section */

/* Begin XCRemoteSwiftPackageReference section */
		025BBD5A2DCA886C0047372A /* XCRemoteSwiftPackageReference "SwiftCSV" */ = {
			isa = XCRemoteSwiftPackageReference;
			repositoryURL = "https://github.com/swiftcsv/SwiftCSV.git";
			requirement = {
				kind = upToNextMajorVersion;
				minimumVersion = 0.10.0;
			};
		};
/* End XCRemoteSwiftPackageReference section */

/* Begin XCSwiftPackageProductDependency section */
		025BBD0E2DCA87D20047372A /* RealityKitContent */ = {
			isa = XCSwiftPackageProductDependency;
			productName = RealityKitContent;
		};
		025BBD5B2DCA886C0047372A /* SwiftCSV */ = {
			isa = XCSwiftPackageProductDependency;
			package = 025BBD5A2DCA886C0047372A /* XCRemoteSwiftPackageReference "SwiftCSV" */;
			productName = SwiftCSV;
		};
/* End XCSwiftPackageProductDependency section */
	};
	rootObject = 025BBD012DCA87D20047372A /* Project object */;
}
